
Microsoft Visual Studio Solution File, Format Version 12.00
# Visual Studio Version 17
VisualStudioVersion = 17.5.33502.453
MinimumVisualStudioVersion = 10.0.40219.1
Project("{9A19103F-16F7-4668-BE54-9A1E7A4F7556}") = "Commons.UnitOfWork", "Commons.UnitOfWork\Commons.UnitOfWork.csproj", "{AA16E4A5-F474-453F-A78E-68A8F77D4FC5}"
EndProject
Project("{9A19103F-16F7-4668-BE54-9A1E7A4F7556}") = "Commons.UnitOfWork.Extensions", "Commons.UnitOfWork.Extensions\Commons.UnitOfWork.Extensions.csproj", "{2A1F0AC6-EBC0-4C26-B359-D360B665992F}"
EndProject
Project("{9A19103F-16F7-4668-BE54-9A1E7A4F7556}") = "Commons.UnitOfWork.Extensions.MySQL", "Commons.UnitOfWork.Extensions.MySQL\Commons.UnitOfWork.Extensions.MySQL.csproj", "{04D56698-7EDF-415A-BCED-223560260828}"
EndProject
Project("{9A19103F-16F7-4668-BE54-9A1E7A4F7556}") = "Commons.UnitOfWork.Middleware", "Commons.UnitOfWork.Middleware\Commons.UnitOfWork.Middleware.csproj", "{280FE8FF-BD92-425B-88D8-B51C4B1E89FA}"
EndProject
Project("{FAE04EC0-301F-11D3-BF4B-00C04F79EFBC}") = "Commons.UnitOfWork.Scope", "Commons.UnitOfWork.Scope\Commons.UnitOfWork.Scope.csproj", "{CE43EF6B-44A0-4AC7-ADA6-B23C239B21C6}"
EndProject
Global
	GlobalSection(SolutionConfigurationPlatforms) = preSolution
		Debug|Any CPU = Debug|Any CPU
		Release|Any CPU = Release|Any CPU
	EndGlobalSection
	GlobalSection(ProjectConfigurationPlatforms) = postSolution
		{AA16E4A5-F474-453F-A78E-68A8F77D4FC5}.Debug|Any CPU.ActiveCfg = Debug|Any CPU
		{AA16E4A5-F474-453F-A78E-68A8F77D4FC5}.Debug|Any CPU.Build.0 = Debug|Any CPU
		{AA16E4A5-F474-453F-A78E-68A8F77D4FC5}.Release|Any CPU.ActiveCfg = Release|Any CPU
		{AA16E4A5-F474-453F-A78E-68A8F77D4FC5}.Release|Any CPU.Build.0 = Release|Any CPU
		{2A1F0AC6-EBC0-4C26-B359-D360B665992F}.Debug|Any CPU.ActiveCfg = Debug|Any CPU
		{2A1F0AC6-EBC0-4C26-B359-D360B665992F}.Debug|Any CPU.Build.0 = Debug|Any CPU
		{2A1F0AC6-EBC0-4C26-B359-D360B665992F}.Release|Any CPU.ActiveCfg = Release|Any CPU
		{2A1F0AC6-EBC0-4C26-B359-D360B665992F}.Release|Any CPU.Build.0 = Release|Any CPU
		{04D56698-7EDF-415A-BCED-223560260828}.Debug|Any CPU.ActiveCfg = Debug|Any CPU
		{04D56698-7EDF-415A-BCED-223560260828}.Debug|Any CPU.Build.0 = Debug|Any CPU
		{04D56698-7EDF-415A-BCED-223560260828}.Release|Any CPU.ActiveCfg = Release|Any CPU
		{04D56698-7EDF-415A-BCED-223560260828}.Release|Any CPU.Build.0 = Release|Any CPU
		{280FE8FF-BD92-425B-88D8-B51C4B1E89FA}.Debug|Any CPU.ActiveCfg = Debug|Any CPU
		{280FE8FF-BD92-425B-88D8-B51C4B1E89FA}.Debug|Any CPU.Build.0 = Debug|Any CPU
		{280FE8FF-BD92-425B-88D8-B51C4B1E89FA}.Release|Any CPU.ActiveCfg = Release|Any CPU
		{280FE8FF-BD92-425B-88D8-B51C4B1E89FA}.Release|Any CPU.Build.0 = Release|Any CPU
		{CE43EF6B-44A0-4AC7-ADA6-B23C239B21C6}.Debug|Any CPU.ActiveCfg = Debug|Any CPU
		{CE43EF6B-44A0-4AC7-ADA6-B23C239B21C6}.Debug|Any CPU.Build.0 = Debug|Any CPU
		{CE43EF6B-44A0-4AC7-ADA6-B23C239B21C6}.Release|Any CPU.ActiveCfg = Release|Any CPU
		{CE43EF6B-44A0-4AC7-ADA6-B23C239B21C6}.Release|Any CPU.Build.0 = Release|Any CPU
	EndGlobalSection
	GlobalSection(SolutionProperties) = preSolution
		HideSolutionNode = FALSE
	EndGlobalSection
	GlobalSection(ExtensibilityGlobals) = postSolution
		SolutionGuid = {D4818608-8D94-4FBA-946E-750B8F89A522}
	EndGlobalSection
EndGlobal
